{
  "name": "load-lodash",
  "version": "1.0.0",
  "lockfileVersion": 1,
  "requires": true,
  "dependencies": {
    "bulkan": {
      "version": "file:../..",
      "dev": true,
      "requires": {
        "@oclif/command": "^1.5.15",
        "@oclif/config": "^1.13.0",
        "@oclif/plugin-help": "^2.2.0",
        "debug": "^4.1.1",
        "fast-glob": "^3.0.1",
        "filesize": "^4.1.2",
        "node-module-resolution": "0.0.3",
        "shebang-regex": "^3.0.0",
        "tslib": "^1.10.0"
      }
    },
    "lodash": {
      "version": "4.17.15",
      "resolved": "https://registry.npmjs.org/lodash/-/lodash-4.17.15.tgz",
      "integrity": "sha512-8xOcRHvCjnocdS5cpwXQXVzmmh5e5+saE2QGoeQmbKmRS6J3VQppPOIt0MnmE+4xlZoumy0GPG0D0MVIQbNA1A=="
    }
  }
}
